
Microsoft Visual Studio Solution File, Format Version 12.00
# Visual Studio Version 17
VisualStudioVersion = 17.14.37710.0
MinimumVisualStudioVersion = 10.0.40219.1
Project("{FAE04EC0-301F-11D3-BF4B-00C04F79EFBC}") = "PhanNhatHuy_KtraFE", "PhanNhatHuy_KtraFE.csproj", "{5429B4A3-9639-43AC-B2D2-5B58C734B084}"
EndProject
Global
	GlobalSection(SolutionConfigurationPlatforms) = preSolution
		Debug|Any CPU = Debug|Any CPU
		Release|Any CPU = Release|Any CPU
	EndGlobalSection
	GlobalSection(ProjectConfigurationPlatforms) = postSolution
		{5429B4A3-9639-43AC-B2D2-5B58C734B084}.Debug|Any CPU.ActiveCfg = Debug|Any CPU
		{5429B4A3-9639-43AC-B2D2-5B58C734B084}.Debug|Any CPU.Build.0 = Debug|Any CPU
		{5429B4A3-9639-43AC-B2D2-5B58C734B084}.Release|Any CPU.ActiveCfg = Release|Any CPU
		{5429B4A3-9639-43AC-B2D2-5B58C734B084}.Release|Any CPU.Build.0 = Release|Any CPU
	EndGlobalSection
	GlobalSection(SolutionProperties) = preSolution
		HideSolutionNode = FALSE
	EndGlobalSection
	GlobalSection(ExtensibilityGlobals) = postSolution
		SolutionGuid = {810E5D05-E9D4-4651-85BA-57499EED4DA7}
	EndGlobalSection
EndGlobal
